
Microsoft Visual Studio Solution File, Format Version 12.00
# Visual Studio 14
VisualStudioVersion = 14.0.24720.0
MinimumVisualStudioVersion = 10.0.40219.1
Project("{FAE04EC0-301F-11D3-BF4B-00C04F79EFBC}") = "ConferenceTrackManager", "ConferenceTrackManager\ConferenceTrackManager.csproj", "{2E465AA3-B8C7-4F12-A607-BD930D17BCE6}"
EndProject
Project("{FAE04EC0-301F-11D3-BF4B-00C04F79EFBC}") = "ConferenceTrackManagerTests", "ConferenceTrackManagerTests\ConferenceTrackManagerTests.csproj", "{04DB1D69-BAB9-401B-A72B-AA3969A54814}"
EndProject
Global
	GlobalSection(SolutionConfigurationPlatforms) = preSolution
		Debug|Any CPU = Debug|Any CPU
		Release|Any CPU = Release|Any CPU
	EndGlobalSection
	GlobalSection(ProjectConfigurationPlatforms) = postSolution
		{2E465AA3-B8C7-4F12-A607-BD930D17BCE6}.Debug|Any CPU.ActiveCfg = Debug|Any CPU
		{2E465AA3-B8C7-4F12-A607-BD930D17BCE6}.Debug|Any CPU.Build.0 = Debug|Any CPU
		{2E465AA3-B8C7-4F12-A607-BD930D17BCE6}.Release|Any CPU.ActiveCfg = Release|Any CPU
		{2E465AA3-B8C7-4F12-A607-BD930D17BCE6}.Release|Any CPU.Build.0 = Release|Any CPU
		{04DB1D69-BAB9-401B-A72B-AA3969A54814}.Debug|Any CPU.ActiveCfg = Debug|Any CPU
		{04DB1D69-BAB9-401B-A72B-AA3969A54814}.Debug|Any CPU.Build.0 = Debug|Any CPU
		{04DB1D69-BAB9-401B-A72B-AA3969A54814}.Release|Any CPU.ActiveCfg = Release|Any CPU
		{04DB1D69-BAB9-401B-A72B-AA3969A54814}.Release|Any CPU.Build.0 = Release|Any CPU
	EndGlobalSection
	GlobalSection(SolutionProperties) = preSolution
		HideSolutionNode = FALSE
	EndGlobalSection
EndGlobal
